
Microsoft Visual Studio Solution File, Format Version 12.00
# Visual Studio Version 17
VisualStudioVersion = 17.9.34728.123
MinimumVisualStudioVersion = 10.0.40219.1
Project("{9A19103F-16F7-4668-BE54-9A1E7A4F7556}") = "NET1814_MilkShop.API", "..\milkshop-backend\NET1814_MilkShop.API\NET1814_MilkShop.API.csproj", "{EF77AF1D-B6C8-4501-8D69-9614A54410D5}"
EndProject
Project("{FAE04EC0-301F-11D3-BF4B-00C04F79EFBC}") = "NET1814_MilkShop.Repositories", "..\milkshop-backend\NET1814_MilkShop.Repositories\NET1814_MilkShop.Repositories.csproj", "{EE170784-7C04-4066-B410-23F0D085A260}"
EndProject
Project("{FAE04EC0-301F-11D3-BF4B-00C04F79EFBC}") = "NET1814_MilkShop.Services", "..\milkshop-backend\NET1814_MilkShop.Services\NET1814_MilkShop.Services.csproj", "{A77A29BA-EC31-46EF-8F94-2E0EB741582B}"
EndProject
Global
	GlobalSection(SolutionConfigurationPlatforms) = preSolution
		Debug|Any CPU = Debug|Any CPU
		Release|Any CPU = Release|Any CPU
	EndGlobalSection
	GlobalSection(ProjectConfigurationPlatforms) = postSolution
		{EF77AF1D-B6C8-4501-8D69-9614A54410D5}.Debug|Any CPU.ActiveCfg = Debug|Any CPU
		{EF77AF1D-B6C8-4501-8D69-9614A54410D5}.Debug|Any CPU.Build.0 = Debug|Any CPU
		{EF77AF1D-B6C8-4501-8D69-9614A54410D5}.Release|Any CPU.ActiveCfg = Release|Any CPU
		{EF77AF1D-B6C8-4501-8D69-9614A54410D5}.Release|Any CPU.Build.0 = Release|Any CPU
		{EE170784-7C04-4066-B410-23F0D085A260}.Debug|Any CPU.ActiveCfg = Debug|Any CPU
		{EE170784-7C04-4066-B410-23F0D085A260}.Debug|Any CPU.Build.0 = Debug|Any CPU
		{EE170784-7C04-4066-B410-23F0D085A260}.Release|Any CPU.ActiveCfg = Release|Any CPU
		{EE170784-7C04-4066-B410-23F0D085A260}.Release|Any CPU.Build.0 = Release|Any CPU
		{A77A29BA-EC31-46EF-8F94-2E0EB741582B}.Debug|Any CPU.ActiveCfg = Debug|Any CPU
		{A77A29BA-EC31-46EF-8F94-2E0EB741582B}.Debug|Any CPU.Build.0 = Debug|Any CPU
		{A77A29BA-EC31-46EF-8F94-2E0EB741582B}.Release|Any CPU.ActiveCfg = Release|Any CPU
		{A77A29BA-EC31-46EF-8F94-2E0EB741582B}.Release|Any CPU.Build.0 = Release|Any CPU
	EndGlobalSection
	GlobalSection(SolutionProperties) = preSolution
		HideSolutionNode = FALSE
	EndGlobalSection
	GlobalSection(ExtensibilityGlobals) = postSolution
		SolutionGuid = {DF7D8C81-9C19-4029-BD15-56425DDF0142}
	EndGlobalSection
EndGlobal
